// !$*UTF8*$!
{
	archiveVersion = 1;
	classes = {
	};
	objectVersion = 46;
	objects = {

/* Begin PBXBuildFile section */
		BE346D9719D280650088F507 /* Node.cpp in Sources */ = {isa = PBXBuildFile; fileRef = BE346D9519D280650088F507 /* Node.cpp */; };
		BED6B92019D25CC20071889A /* random_board.cpp in Sources */ = {isa = PBXBuildFile; fileRef = BED6B91F19D25CC20071889A /* random_board.cpp */; };
		BED6B92219D26D620071889A /* a-star.cpp in Sources */ = {isa = PBXBuildFile; fileRef = BED6B92119D26D620071889A /* a-star.cpp */; };
/* End PBXBuildFile section */

/* Begin PBXCopyFilesBuildPhase section */
		BED6B91319D25BEC0071889A /* CopyFiles */ = {
			isa = PBXCopyFilesBuildPhase;
			buildActionMask = 2147483647;
			dstPath = /usr/share/man/man1/;
			dstSubfolderSpec = 0;
			files = (
			);
			runOnlyForDeploymentPostprocessing = 1;
		};
/* End PBXCopyFilesBuildPhase section */

/* Begin PBXFileReference section */
		BE346D9519D280650088F507 /* Node.cpp */ = {isa = PBXFileReference; fileEncoding = 4; lastKnownFileType = sourcecode.cpp.cpp; path = Node.cpp; sourceTree = "<group>"; };
		BE346D9619D280650088F507 /* Node.h */ = {isa = PBXFileReference; fileEncoding = 4; lastKnownFileType = sourcecode.c.h; lineEnding = 0; path = Node.h; sourceTree = "<group>"; xcLanguageSpecificationIdentifier = xcode.lang.objcpp; };
		BED6B91519D25BEC0071889A /* AIProject1 */ = {isa = PBXFileReference; explicitFileType = "compiled.mach-o.executable"; includeInIndex = 0; path = AIProject1; sourceTree = BUILT_PRODUCTS_DIR; };
		BED6B91F19D25CC20071889A /* random_board.cpp */ = {isa = PBXFileReference; fileEncoding = 4; lastKnownFileType = sourcecode.cpp.cpp; lineEnding = 0; path = random_board.cpp; sourceTree = "<group>"; xcLanguageSpecificationIdentifier = xcode.lang.cpp; };
		BED6B92119D26D620071889A /* a-star.cpp */ = {isa = PBXFileReference; fileEncoding = 4; lastKnownFileType = sourcecode.cpp.cpp; lineEnding = 0; path = "a-star.cpp"; sourceTree = "<group>"; xcLanguageSpecificationIdentifier = xcode.lang.cpp; };
/* End PBXFileReference section */

/* Begin PBXFrameworksBuildPhase section */
		BED6B91219D25BEC0071889A /* Frameworks */ = {
			isa = PBXFrameworksBuildPhase;
			buildActionMask = 2147483647;
			files = (
			);
			runOnlyForDeploymentPostprocessing = 0;
		};
/* End PBXFrameworksBuildPhase section */

/* Begin PBXGroup section */
		BED6B90C19D25BEC0071889A = {
			isa = PBXGroup;
			children = (
				BED6B91719D25BEC0071889A /* AIProject1 */,
				BED6B91619D25BEC0071889A /* Products */,
			);
			sourceTree = "<group>";
		};
		BED6B91619D25BEC0071889A /* Products */ = {
			isa = PBXGroup;
			children = (
				BED6B91519D25BEC0071889A /* AIProject1 */,
			);
			name = Products;
			sourceTree = "<group>";
		};
		BED6B91719D25BEC0071889A /* AIProject1 */ = {
			isa = PBXGroup;
			children = (
				BED6B91F19D25CC20071889A /* random_board.cpp */,
				BED6B92119D26D620071889A /* a-star.cpp */,
				BE346D9519D280650088F507 /* Node.cpp */,
				BE346D9619D280650088F507 /* Node.h */,
			);
			path = AIProject1;
			sourceTree = "<group>";
		};
/* End PBXGroup section */

/* Begin PBXNativeTarget section */
		BED6B91419D25BEC0071889A /* AIProject1 */ = {
			isa = PBXNativeTarget;
			buildConfigurationList = BED6B91C19D25BEC0071889A /* Build configuration list for PBXNativeTarget "AIProject1" */;
			buildPhases = (
				BED6B91119D25BEC0071889A /* Sources */,
				BED6B91219D25BEC0071889A /* Frameworks */,
				BED6B91319D25BEC0071889A /* CopyFiles */,
			);
			buildRules = (
			);
			dependencies = (
			);
			name = AIProject1;
			productName = AIProject1;
			productReference = BED6B91519D25BEC0071889A /* AIProject1 */;
			productType = "com.apple.product-type.tool";
		};
/* End PBXNativeTarget section */

/* Begin PBXProject section */
		BED6B90D19D25BEC0071889A /* Project object */ = {
			isa = PBXProject;
			attributes = {
				LastUpgradeCheck = 0600;
				ORGANIZATIONNAME = "Evan Richards";
				TargetAttributes = {
					BED6B91419D25BEC0071889A = {
						CreatedOnToolsVersion = 6.0.1;
					};
				};
			};
			buildConfigurationList = BED6B91019D25BEC0071889A /* Build configuration list for PBXProject "AIProject1" */;
			compatibilityVersion = "Xcode 3.2";
			developmentRegion = English;
			hasScannedForEncodings = 0;
			knownRegions = (
				en,
			);
			mainGroup = BED6B90C19D25BEC0071889A;
			productRefGroup = BED6B91619D25BEC0071889A /* Products */;
			projectDirPath = "";
			projectRoot = "";
			targets = (
				BED6B91419D25BEC0071889A /* AIProject1 */,
			);
		};
/* End PBXProject section */

/* Begin PBXSourcesBuildPhase section */
		BED6B91119D25BEC0071889A /* Sources */ = {
			isa = PBXSourcesBuildPhase;
			buildActionMask = 2147483647;
			files = (
				BE346D9719D280650088F507 /* Node.cpp in Sources */,
				BED6B92019D25CC20071889A /* random_board.cpp in Sources */,
				BED6B92219D26D620071889A /* a-star.cpp in Sources */,
			);
			runOnlyForDeploymentPostprocessing = 0;
		};
/* End PBXSourcesBuildPhase section */

/* Begin XCBuildConfiguration section */
		BED6B91A19D25BEC0071889A /* Debug */ = {
			isa = XCBuildConfiguration;
			buildSettings = {
				ALWAYS_SEARCH_USER_PATHS = NO;
				CLANG_CXX_LANGUAGE_STANDARD = "gnu++0x";
				CLANG_CXX_LIBRARY = "libc++";
				CLANG_ENABLE_MODULES = YES;
				CLANG_ENABLE_OBJC_ARC = YES;
				CLANG_WARN_BOOL_CONVERSION = YES;
				CLANG_WARN_CONSTANT_CONVERSION = YES;
				CLANG_WARN_DIRECT_OBJC_ISA_USAGE = YES_ERROR;
				CLANG_WARN_EMPTY_BODY = YES;
				CLANG_WARN_ENUM_CONVERSION = YES;
				CLANG_WARN_INT_CONVERSION = YES;
				CLANG_WARN_OBJC_ROOT_CLASS = YES_ERROR;
				CLANG_WARN_UNREACHABLE_CODE = YES;
				CLANG_WARN__DUPLICATE_METHOD_MATCH = YES;
				COPY_PHASE_STRIP = NO;
				ENABLE_STRICT_OBJC_MSGSEND = YES;
				GCC_C_LANGUAGE_STANDARD = gnu99;
				GCC_DYNAMIC_NO_PIC = NO;
				GCC_OPTIMIZATION_LEVEL = 0;
				GCC_PREPROCESSOR_DEFINITIONS = (
					"DEBUG=1",
					"$(inherited)",
				);
				GCC_SYMBOLS_PRIVATE_EXTERN = NO;
				GCC_WARN_64_TO_32_BIT_CONVERSION = YES;
				GCC_WARN_ABOUT_RETURN_TYPE = YES_ERROR;
				GCC_WARN_UNDECLARED_SELECTOR = YES;
				GCC_WARN_UNINITIALIZED_AUTOS = YES_AGGRESSIVE;
				GCC_WARN_UNUSED_FUNCTION = YES;
				GCC_WARN_UNUSED_VARIABLE = YES;
				MACOSX_DEPLOYMENT_TARGET = 10.9;
				MTL_ENABLE_DEBUG_INFO = YES;
				ONLY_ACTIVE_ARCH = YES;
				SDKROOT = macosx;
			};
			name = Debug;
		};
		BED6B91B19D25BEC0071889A /* Release */ = {
			isa = XCBuildConfiguration;
			buildSettings = {
				ALWAYS_SEARCH_USER_PATHS = NO;
				CLANG_CXX_LANGUAGE_STANDARD = "gnu++0x";
				CLANG_CXX_LIBRARY = "libc++";
				CLANG_ENABLE_MODULES = YES;
				CLANG_ENABLE_OBJC_ARC = YES;
				CLANG_WARN_BOOL_CONVERSION = YES;
				CLANG_WARN_CONSTANT_CONVERSION = YES;
				CLANG_WARN_DIRECT_OBJC_ISA_USAGE = YES_ERROR;
				CLANG_WARN_EMPTY_BODY = YES;
				CLANG_WARN_ENUM_CONVERSION = YES;
				CLANG_WARN_INT_CONVERSION = YES;
				CLANG_WARN_OBJC_ROOT_CLASS = YES_ERROR;
				CLANG_WARN_UNREACHABLE_CODE = YES;
				CLANG_WARN__DUPLICATE_METHOD_MATCH = YES;
				COPY_PHASE_STRIP = YES;
				DEBUG_INFORMATION_FORMAT = "dwarf-with-dsym";
				ENABLE_NS_ASSERTIONS = NO;
				ENABLE_STRICT_OBJC_MSGSEND = YES;
				GCC_C_LANGUAGE_STANDARD = gnu99;
				GCC_WARN_64_TO_32_BIT_CONVERSION = YES;
				GCC_WARN_ABOUT_RETURN_TYPE = YES_ERROR;
				GCC_WARN_UNDECLARED_SELECTOR = YES;
				GCC_WARN_UNINITIALIZED_AUTOS = YES_AGGRESSIVE;
				GCC_WARN_UNUSED_FUNCTION = YES;
				GCC_WARN_UNUSED_VARIABLE = YES;
				MACOSX_DEPLOYMENT_TARGET = 10.9;
				MTL_ENABLE_DEBUG_INFO = NO;
				SDKROOT = macosx;
			};
			name = Release;
		};
		BED6B91D19D25BEC0071889A /* Debug */ = {
			isa = XCBuildConfiguration;
			buildSettings = {
				PRODUCT_NAME = "$(TARGET_NAME)";
			};
			name = Debug;
		};
		BED6B91E19D25BEC0071889A /* Release */ = {
			isa = XCBuildConfiguration;
			buildSettings = {
				PRODUCT_NAME = "$(TARGET_NAME)";
			};
			name = Release;
		};
/* End XCBuildConfiguration section */

/* Begin XCConfigurationList section */
		BED6B91019D25BEC0071889A /* Build configuration list for PBXProject "AIProject1" */ = {
			isa = XCConfigurationList;
			buildConfigurations = (
				BED6B91A19D25BEC0071889A /* Debug */,
				BED6B91B19D25BEC0071889A /* Release */,
			);
			defaultConfigurationIsVisible = 0;
			defaultConfigurationName = Release;
		};
		BED6B91C19D25BEC0071889A /* Build configuration list for PBXNativeTarget "AIProject1" */ = {
			isa = XCConfigurationList;
			buildConfigurations = (
				BED6B91D19D25BEC0071889A /* Debug */,
				BED6B91E19D25BEC0071889A /* Release */,
			);
			defaultConfigurationIsVisible = 0;
			defaultConfigurationName = Release;
		};
/* End XCConfigurationList section */
	};
	rootObject = BED6B90D19D25BEC0071889A /* Project object */;
}
